
Microsoft Visual Studio Solution File, Format Version 12.00
# Visual Studio Version 17
VisualStudioVersion = 17.13.35919.96 d17.13
MinimumVisualStudioVersion = 10.0.40219.1
Project("{FAE04EC0-301F-11D3-BF4B-00C04F79EFBC}") = "backEnd", "backEnd\backEnd.csproj", "{E8623CE0-C1B1-4C72-BAEB-E17119DB1368}"
EndProject
Global
	GlobalSection(SolutionConfigurationPlatforms) = preSolution
		Debug|Any CPU = Debug|Any CPU
		Release|Any CPU = Release|Any CPU
	EndGlobalSection
	GlobalSection(ProjectConfigurationPlatforms) = postSolution
		{E8623CE0-C1B1-4C72-BAEB-E17119DB1368}.Debug|Any CPU.ActiveCfg = Debug|Any CPU
		{E8623CE0-C1B1-4C72-BAEB-E17119DB1368}.Debug|Any CPU.Build.0 = Debug|Any CPU
		{E8623CE0-C1B1-4C72-BAEB-E17119DB1368}.Release|Any CPU.ActiveCfg = Release|Any CPU
		{E8623CE0-C1B1-4C72-BAEB-E17119DB1368}.Release|Any CPU.Build.0 = Release|Any CPU
	EndGlobalSection
	GlobalSection(SolutionProperties) = preSolution
		HideSolutionNode = FALSE
	EndGlobalSection
	GlobalSection(ExtensibilityGlobals) = postSolution
		SolutionGuid = {753F2005-104C-4DFF-9DF9-A784C2F77878}
	EndGlobalSection
EndGlobal
